
Microsoft Visual Studio Solution File, Format Version 12.00
# Visual Studio 15
VisualStudioVersion = 15.0.27428.2037
MinimumVisualStudioVersion = 10.0.40219.1
Project("{FAE04EC0-301F-11D3-BF4B-00C04F79EFBC}") = "GameServer", "GameServer\GameServer.csproj", "{8750D8CC-4F2D-4741-B43E-EF5ED9EF5EFD}"
EndProject
Global
	GlobalSection(SolutionConfigurationPlatforms) = preSolution
		Debug|Any CPU = Debug|Any CPU
		Release|Any CPU = Release|Any CPU
	EndGlobalSection
	GlobalSection(ProjectConfigurationPlatforms) = postSolution
		{8750D8CC-4F2D-4741-B43E-EF5ED9EF5EFD}.Debug|Any CPU.ActiveCfg = Debug|Any CPU
		{8750D8CC-4F2D-4741-B43E-EF5ED9EF5EFD}.Debug|Any CPU.Build.0 = Debug|Any CPU
		{8750D8CC-4F2D-4741-B43E-EF5ED9EF5EFD}.Release|Any CPU.ActiveCfg = Release|Any CPU
		{8750D8CC-4F2D-4741-B43E-EF5ED9EF5EFD}.Release|Any CPU.Build.0 = Release|Any CPU
	EndGlobalSection
	GlobalSection(SolutionProperties) = preSolution
		HideSolutionNode = FALSE
	EndGlobalSection
	GlobalSection(ExtensibilityGlobals) = postSolution
		SolutionGuid = {F2DB6A71-B003-4A20-8AFE-B1E722B2AFB5}
	EndGlobalSection
EndGlobal
